// !$*UTF8*$!
{
	archiveVersion = 1;
	classes = {
	};
	objectVersion = 46;
	objects = {

/* Begin PBXBuildFile section */
		3AAB7D9E1F0416E0002320A7 /* IJKMediaFramework.framework in Frameworks */ = {isa = PBXBuildFile; fileRef = 3AAB7D971F041685002320A7 /* IJKMediaFramework.framework */; };
		3AAB7DA01F0416EF002320A7 /* AudioToolbox.framework in Frameworks */ = {isa = PBXBuildFile; fileRef = 3AAB7D9F1F0416EF002320A7 /* AudioToolbox.framework */; };
		3AAB7DA21F0416FB002320A7 /* AVFoundation.framework in Frameworks */ = {isa = PBXBuildFile; fileRef = 3AAB7DA11F0416FB002320A7 /* AVFoundation.framework */; };
		3AAB7DA41F041707002320A7 /* CoreGraphics.framework in Frameworks */ = {isa = PBXBuildFile; fileRef = 3AAB7DA31F041707002320A7 /* CoreGraphics.framework */; };
		3AAB7DA61F041712002320A7 /* CoreMedia.framework in Frameworks */ = {isa = PBXBuildFile; fileRef = 3AAB7DA51F041712002320A7 /* CoreMedia.framework */; };
		3AAB7DA81F04171D002320A7 /* CoreVideo.framework in Frameworks */ = {isa = PBXBuildFile; fileRef = 3AAB7DA71F04171D002320A7 /* CoreVideo.framework */; };
		3AAB7DAA1F041731002320A7 /* libbz2.tbd in Frameworks */ = {isa = PBXBuildFile; fileRef = 3AAB7DA91F041731002320A7 /* libbz2.tbd */; };
		3AAB7DAC1F041746002320A7 /* libz.tbd in Frameworks */ = {isa = PBXBuildFile; fileRef = 3AAB7DAB1F041746002320A7 /* libz.tbd */; };
		3AAB7DAE1F041752002320A7 /* MediaPlayer.framework in Frameworks */ = {isa = PBXBuildFile; fileRef = 3AAB7DAD1F041752002320A7 /* MediaPlayer.framework */; };
		3AAB7DB01F04175E002320A7 /* MobileCoreServices.framework in Frameworks */ = {isa = PBXBuildFile; fileRef = 3AAB7DAF1F04175E002320A7 /* MobileCoreServices.framework */; };
		3AAB7DB21F04176A002320A7 /* OpenGLES.framework in Frameworks */ = {isa = PBXBuildFile; fileRef = 3AAB7DB11F04176A002320A7 /* OpenGLES.framework */; };
		3AAB7DB41F041778002320A7 /* QuartzCore.framework in Frameworks */ = {isa = PBXBuildFile; fileRef = 3AAB7DB31F041778002320A7 /* QuartzCore.framework */; };
		3AAB7DB61F041782002320A7 /* UIKit.framework in Frameworks */ = {isa = PBXBuildFile; fileRef = 3AAB7DB51F041782002320A7 /* UIKit.framework */; };
		3AAB7DB81F04178E002320A7 /* VideoToolbox.framework in Frameworks */ = {isa = PBXBuildFile; fileRef = 3AAB7DB71F04178E002320A7 /* VideoToolbox.framework */; };
		3ADA29CB1EF76D1600C5CF89 /* main.m in Sources */ = {isa = PBXBuildFile; fileRef = 3ADA29CA1EF76D1600C5CF89 /* main.m */; };
		3ADA29CE1EF76D1600C5CF89 /* AppDelegate.m in Sources */ = {isa = PBXBuildFile; fileRef = 3ADA29CD1EF76D1600C5CF89 /* AppDelegate.m */; };
		3ADA29D11EF76D1600C5CF89 /* ViewController.m in Sources */ = {isa = PBXBuildFile; fileRef = 3ADA29D01EF76D1600C5CF89 /* ViewController.m */; };
		3ADA29D41EF76D1600C5CF89 /* Main.storyboard in Resources */ = {isa = PBXBuildFile; fileRef = 3ADA29D21EF76D1600C5CF89 /* Main.storyboard */; };
		3ADA29D61EF76D1600C5CF89 /* Assets.xcassets in Resources */ = {isa = PBXBuildFile; fileRef = 3ADA29D51EF76D1600C5CF89 /* Assets.xcassets */; };
		3ADA29D91EF76D1600C5CF89 /* LaunchScreen.storyboard in Resources */ = {isa = PBXBuildFile; fileRef = 3ADA29D71EF76D1600C5CF89 /* LaunchScreen.storyboard */; };
		3ADA29E41EF76D1700C5CF89 /* YFLLiveVideosTests.m in Sources */ = {isa = PBXBuildFile; fileRef = 3ADA29E31EF76D1700C5CF89 /* YFLLiveVideosTests.m */; };
		3ADA29EF1EF76D1700C5CF89 /* YFLLiveVideosUITests.m in Sources */ = {isa = PBXBuildFile; fileRef = 3ADA29EE1EF76D1700C5CF89 /* YFLLiveVideosUITests.m */; };
		E9B62FB0822519EAF51436F0 /* libPods-YFLLiveVideos.a in Frameworks */ = {isa = PBXBuildFile; fileRef = 19FF2B310FEA880FF6C2168A /* libPods-YFLLiveVideos.a */; };
/* End PBXBuildFile section */

/* Begin PBXContainerItemProxy section */
		3AAB7D961F041685002320A7 /* PBXContainerItemProxy */ = {
			isa = PBXContainerItemProxy;
			containerPortal = 3AAB7D901F041685002320A7 /* IJKMediaPlayer.xcodeproj */;
			proxyType = 2;
			remoteGlobalIDString = E654EA8A1B6B27E600B0F2D0;
			remoteInfo = IJKMediaFramework;
		};
		3AAB7D981F041685002320A7 /* PBXContainerItemProxy */ = {
			isa = PBXContainerItemProxy;
			containerPortal = 3AAB7D901F041685002320A7 /* IJKMediaPlayer.xcodeproj */;
			proxyType = 2;
			remoteGlobalIDString = 5450B0431E63EA4300568494;
			remoteInfo = IJKMediaFrameworkWithSSL;
		};
		3AAB7D9A1F041685002320A7 /* PBXContainerItemProxy */ = {
			isa = PBXContainerItemProxy;
			containerPortal = 3AAB7D901F041685002320A7 /* IJKMediaPlayer.xcodeproj */;
			proxyType = 2;
			remoteGlobalIDString = E654EA941B6B27E600B0F2D0;
			remoteInfo = IJKMediaFrameworkTests;
		};
		3AAB7D9C1F0416BE002320A7 /* PBXContainerItemProxy */ = {
			isa = PBXContainerItemProxy;
			containerPortal = 3AAB7D901F041685002320A7 /* IJKMediaPlayer.xcodeproj */;
			proxyType = 1;
			remoteGlobalIDString = E654EA891B6B27E600B0F2D0;
			remoteInfo = IJKMediaFramework;
		};
		3ADA29E01EF76D1700C5CF89 /* PBXContainerItemProxy */ = {
			isa = PBXContainerItemProxy;
			containerPortal = 3ADA29BE1EF76D1600C5CF89 /* Project object */;
			proxyType = 1;
			remoteGlobalIDString = 3ADA29C51EF76D1600C5CF89;
			remoteInfo = YFLLiveVideos;
		};
		3ADA29EB1EF76D1700C5CF89 /* PBXContainerItemProxy */ = {
			isa = PBXContainerItemProxy;
			containerPortal = 3ADA29BE1EF76D1600C5CF89 /* Project object */;
			proxyType = 1;
			remoteGlobalIDString = 3ADA29C51EF76D1600C5CF89;
			remoteInfo = YFLLiveVideos;
		};
/* End PBXContainerItemProxy section */

/* Begin PBXFileReference section */
		19FF2B310FEA880FF6C2168A /* libPods-YFLLiveVideos.a */ = {isa = PBXFileReference; explicitFileType = archive.ar; includeInIndex = 0; path = "libPods-YFLLiveVideos.a"; sourceTree = BUILT_PRODUCTS_DIR; };
		37B85A03519EED5CF8246C00 /* Pods-YFLLiveVideos.release.xcconfig */ = {isa = PBXFileReference; includeInIndex = 1; lastKnownFileType = text.xcconfig; name = "Pods-YFLLiveVideos.release.xcconfig"; path = "../Pods/Target Support Files/Pods-YFLLiveVideos/Pods-YFLLiveVideos.release.xcconfig"; sourceTree = "<group>"; };
		3AAB7D901F041685002320A7 /* IJKMediaPlayer.xcodeproj */ = {isa = PBXFileReference; lastKnownFileType = "wrapper.pb-project"; name = IJKMediaPlayer.xcodeproj; path = "../../../Desktop/ijkplayer-ios/ijkplayer/ios/IJKMediaPlayer/IJKMediaPlayer.xcodeproj"; sourceTree = "<group>"; };
		3AAB7D9F1F0416EF002320A7 /* AudioToolbox.framework */ = {isa = PBXFileReference; lastKnownFileType = wrapper.framework; name = AudioToolbox.framework; path = System/Library/Frameworks/AudioToolbox.framework; sourceTree = SDKROOT; };
		3AAB7DA11F0416FB002320A7 /* AVFoundation.framework */ = {isa = PBXFileReference; lastKnownFileType = wrapper.framework; name = AVFoundation.framework; path = System/Library/Frameworks/AVFoundation.framework; sourceTree = SDKROOT; };
		3AAB7DA31F041707002320A7 /* CoreGraphics.framework */ = {isa = PBXFileReference; lastKnownFileType = wrapper.framework; name = CoreGraphics.framework; path = System/Library/Frameworks/CoreGraphics.framework; sourceTree = SDKROOT; };
		3AAB7DA51F041712002320A7 /* CoreMedia.framework */ = {isa = PBXFileReference; lastKnownFileType = wrapper.framework; name = CoreMedia.framework; path = System/Library/Frameworks/CoreMedia.framework; sourceTree = SDKROOT; };
		3AAB7DA71F04171D002320A7 /* CoreVideo.framework */ = {isa = PBXFileReference; lastKnownFileType = wrapper.framework; name = CoreVideo.framework; path = System/Library/Frameworks/CoreVideo.framework; sourceTree = SDKROOT; };
		3AAB7DA91F041731002320A7 /* libbz2.tbd */ = {isa = PBXFileReference; lastKnownFileType = "sourcecode.text-based-dylib-definition"; name = libbz2.tbd; path = usr/lib/libbz2.tbd; sourceTree = SDKROOT; };
		3AAB7DAB1F041746002320A7 /* libz.tbd */ = {isa = PBXFileReference; lastKnownFileType = "sourcecode.text-based-dylib-definition"; name = libz.tbd; path = usr/lib/libz.tbd; sourceTree = SDKROOT; };
		3AAB7DAD1F041752002320A7 /* MediaPlayer.framework */ = {isa = PBXFileReference; lastKnownFileType = wrapper.framework; name = MediaPlayer.framework; path = System/Library/Frameworks/MediaPlayer.framework; sourceTree = SDKROOT; };
		3AAB7DAF1F04175E002320A7 /* MobileCoreServices.framework */ = {isa = PBXFileReference; lastKnownFileType = wrapper.framework; name = MobileCoreServices.framework; path = System/Library/Frameworks/MobileCoreServices.framework; sourceTree = SDKROOT; };
		3AAB7DB11F04176A002320A7 /* OpenGLES.framework */ = {isa = PBXFileReference; lastKnownFileType = wrapper.framework; name = OpenGLES.framework; path = System/Library/Frameworks/OpenGLES.framework; sourceTree = SDKROOT; };
		3AAB7DB31F041778002320A7 /* QuartzCore.framework */ = {isa = PBXFileReference; lastKnownFileType = wrapper.framework; name = QuartzCore.framework; path = System/Library/Frameworks/QuartzCore.framework; sourceTree = SDKROOT; };
		3AAB7DB51F041782002320A7 /* UIKit.framework */ = {isa = PBXFileReference; lastKnownFileType = wrapper.framework; name = UIKit.framework; path = System/Library/Frameworks/UIKit.framework; sourceTree = SDKROOT; };
		3AAB7DB71F04178E002320A7 /* VideoToolbox.framework */ = {isa = PBXFileReference; lastKnownFileType = wrapper.framework; name = VideoToolbox.framework; path = System/Library/Frameworks/VideoToolbox.framework; sourceTree = SDKROOT; };
		3ADA29C61EF76D1600C5CF89 /* YFLLiveVideos.app */ = {isa = PBXFileReference; explicitFileType = wrapper.application; includeInIndex = 0; path = YFLLiveVideos.app; sourceTree = BUILT_PRODUCTS_DIR; };
		3ADA29CA1EF76D1600C5CF89 /* main.m */ = {isa = PBXFileReference; lastKnownFileType = sourcecode.c.objc; path = main.m; sourceTree = "<group>"; };
		3ADA29CC1EF76D1600C5CF89 /* AppDelegate.h */ = {isa = PBXFileReference; lastKnownFileType = sourcecode.c.h; path = AppDelegate.h; sourceTree = "<group>"; };
		3ADA29CD1EF76D1600C5CF89 /* AppDelegate.m */ = {isa = PBXFileReference; lastKnownFileType = sourcecode.c.objc; path = AppDelegate.m; sourceTree = "<group>"; };
		3ADA29CF1EF76D1600C5CF89 /* ViewController.h */ = {isa = PBXFileReference; lastKnownFileType = sourcecode.c.h; path = ViewController.h; sourceTree = "<group>"; };
		3ADA29D01EF76D1600C5CF89 /* ViewController.m */ = {isa = PBXFileReference; lastKnownFileType = sourcecode.c.objc; path = ViewController.m; sourceTree = "<group>"; };
		3ADA29D31EF76D1600C5CF89 /* Base */ = {isa = PBXFileReference; lastKnownFileType = file.storyboard; name = Base; path = Base.lproj/Main.storyboard; sourceTree = "<group>"; };
		3ADA29D51EF76D1600C5CF89 /* Assets.xcassets */ = {isa = PBXFileReference; lastKnownFileType = folder.assetcatalog; path = Assets.xcassets; sourceTree = "<group>"; };
		3ADA29D81EF76D1600C5CF89 /* Base */ = {isa = PBXFileReference; lastKnownFileType = file.storyboard; name = Base; path = Base.lproj/LaunchScreen.storyboard; sourceTree = "<group>"; };
		3ADA29DA1EF76D1700C5CF89 /* Info.plist */ = {isa = PBXFileReference; lastKnownFileType = text.plist.xml; path = Info.plist; sourceTree = "<group>"; };
		3ADA29DF1EF76D1700C5CF89 /* YFLLiveVideosTests.xctest */ = {isa = PBXFileReference; explicitFileType = wrapper.cfbundle; includeInIndex = 0; path = YFLLiveVideosTests.xctest; sourceTree = BUILT_PRODUCTS_DIR; };
		3ADA29E31EF76D1700C5CF89 /* YFLLiveVideosTests.m */ = {isa = PBXFileReference; lastKnownFileType = sourcecode.c.objc; path = YFLLiveVideosTests.m; sourceTree = "<group>"; };
		3ADA29E51EF76D1700C5CF89 /* Info.plist */ = {isa = PBXFileReference; lastKnownFileType = text.plist.xml; path = Info.plist; sourceTree = "<group>"; };
		3ADA29EA1EF76D1700C5CF89 /* YFLLiveVideosUITests.xctest */ = {isa = PBXFileReference; explicitFileType = wrapper.cfbundle; includeInIndex = 0; path = YFLLiveVideosUITests.xctest; sourceTree = BUILT_PRODUCTS_DIR; };
		3ADA29EE1EF76D1700C5CF89 /* YFLLiveVideosUITests.m */ = {isa = PBXFileReference; lastKnownFileType = sourcecode.c.objc; path = YFLLiveVideosUITests.m; sourceTree = "<group>"; };
		3ADA29F01EF76D1700C5CF89 /* Info.plist */ = {isa = PBXFileReference; lastKnownFileType = text.plist.xml; path = Info.plist; sourceTree = "<group>"; };
		6E84B2AEF5541AB26C5731B0 /* Pods-YFLLiveVideos.debug.xcconfig */ = {isa = PBXFileReference; includeInIndex = 1; lastKnownFileType = text.xcconfig; name = "Pods-YFLLiveVideos.debug.xcconfig"; path = "../Pods/Target Support Files/Pods-YFLLiveVideos/Pods-YFLLiveVideos.debug.xcconfig"; sourceTree = "<group>"; };
/* End PBXFileReference section */

/* Begin PBXFrameworksBuildPhase section */
		3ADA29C31EF76D1600C5CF89 /* Frameworks */ = {
			isa = PBXFrameworksBuildPhase;
			buildActionMask = 2147483647;
			files = (
				3AAB7DB81F04178E002320A7 /* VideoToolbox.framework in Frameworks */,
				3AAB7DB61F041782002320A7 /* UIKit.framework in Frameworks */,
				3AAB7DB41F041778002320A7 /* QuartzCore.framework in Frameworks */,
				3AAB7DB21F04176A002320A7 /* OpenGLES.framework in Frameworks */,
				3AAB7DB01F04175E002320A7 /* MobileCoreServices.framework in Frameworks */,
				3AAB7DAE1F041752002320A7 /* MediaPlayer.framework in Frameworks */,
				3AAB7DAC1F041746002320A7 /* libz.tbd in Frameworks */,
				3AAB7DAA1F041731002320A7 /* libbz2.tbd in Frameworks */,
				3AAB7DA81F04171D002320A7 /* CoreVideo.framework in Frameworks */,
				3AAB7DA61F041712002320A7 /* CoreMedia.framework in Frameworks */,
				3AAB7DA41F041707002320A7 /* CoreGraphics.framework in Frameworks */,
				3AAB7DA21F0416FB002320A7 /* AVFoundation.framework in Frameworks */,
				3AAB7DA01F0416EF002320A7 /* AudioToolbox.framework in Frameworks */,
				3AAB7D9E1F0416E0002320A7 /* IJKMediaFramework.framework in Frameworks */,
				E9B62FB0822519EAF51436F0 /* libPods-YFLLiveVideos.a in Frameworks */,
			);
			runOnlyForDeploymentPostprocessing = 0;
		};
		3ADA29DC1EF76D1700C5CF89 /* Frameworks */ = {
			isa = PBXFrameworksBuildPhase;
			buildActionMask = 2147483647;
			files = (
			);
			runOnlyForDeploymentPostprocessing = 0;
		};
		3ADA29E71EF76D1700C5CF89 /* Frameworks */ = {
			isa = PBXFrameworksBuildPhase;
			buildActionMask = 2147483647;
			files = (
			);
			runOnlyForDeploymentPostprocessing = 0;
		};
/* End PBXFrameworksBuildPhase section */

/* Begin PBXGroup section */
		3AAB7D911F041685002320A7 /* Products */ = {
			isa = PBXGroup;
			children = (
				3AAB7D971F041685002320A7 /* IJKMediaFramework.framework */,
				3AAB7D991F041685002320A7 /* IJKMediaFrameworkWithSSL.framework */,
				3AAB7D9B1F041685002320A7 /* IJKMediaFrameworkTests.xctest */,
			);
			name = Products;
			sourceTree = "<group>";
		};
		3ADA29BD1EF76D1600C5CF89 = {
			isa = PBXGroup;
			children = (
				3AAB7D901F041685002320A7 /* IJKMediaPlayer.xcodeproj */,
				3ADA29C81EF76D1600C5CF89 /* YFLLiveVideos */,
				3ADA29E21EF76D1700C5CF89 /* YFLLiveVideosTests */,
				3ADA29ED1EF76D1700C5CF89 /* YFLLiveVideosUITests */,
				3ADA29C71EF76D1600C5CF89 /* Products */,
				63D87F68CA0CAC9095D71FFD /* Pods */,
				9667E771405D030E119F57D9 /* Frameworks */,
			);
			sourceTree = "<group>";
		};
		3ADA29C71EF76D1600C5CF89 /* Products */ = {
			isa = PBXGroup;
			children = (
				3ADA29C61EF76D1600C5CF89 /* YFLLiveVideos.app */,
				3ADA29DF1EF76D1700C5CF89 /* YFLLiveVideosTests.xctest */,
				3ADA29EA1EF76D1700C5CF89 /* YFLLiveVideosUITests.xctest */,
			);
			name = Products;
			sourceTree = "<group>";
		};
		3ADA29C81EF76D1600C5CF89 /* YFLLiveVideos */ = {
			isa = PBXGroup;
			children = (
				3ADA29CC1EF76D1600C5CF89 /* AppDelegate.h */,
				3ADA29CD1EF76D1600C5CF89 /* AppDelegate.m */,
				3ADA29CF1EF76D1600C5CF89 /* ViewController.h */,
				3ADA29D01EF76D1600C5CF89 /* ViewController.m */,
				3ADA29D21EF76D1600C5CF89 /* Main.storyboard */,
				3ADA29D51EF76D1600C5CF89 /* Assets.xcassets */,
				3ADA29D71EF76D1600C5CF89 /* LaunchScreen.storyboard */,
				3ADA29DA1EF76D1700C5CF89 /* Info.plist */,
				3ADA29C91EF76D1600C5CF89 /* Supporting Files */,
			);
			path = YFLLiveVideos;
			sourceTree = "<group>";
		};
		3ADA29C91EF76D1600C5CF89 /* Supporting Files */ = {
			isa = PBXGroup;
			children = (
				3ADA29CA1EF76D1600C5CF89 /* main.m */,
			);
			name = "Supporting Files";
			sourceTree = "<group>";
		};
		3ADA29E21EF76D1700C5CF89 /* YFLLiveVideosTests */ = {
			isa = PBXGroup;
			children = (
				3ADA29E31EF76D1700C5CF89 /* YFLLiveVideosTests.m */,
				3ADA29E51EF76D1700C5CF89 /* Info.plist */,
			);
			path = YFLLiveVideosTests;
			sourceTree = "<group>";
		};
		3ADA29ED1EF76D1700C5CF89 /* YFLLiveVideosUITests */ = {
			isa = PBXGroup;
			children = (
				3ADA29EE1EF76D1700C5CF89 /* YFLLiveVideosUITests.m */,
				3ADA29F01EF76D1700C5CF89 /* Info.plist */,
			);
			path = YFLLiveVideosUITests;
			sourceTree = "<group>";
		};
		63D87F68CA0CAC9095D71FFD /* Pods */ = {
			isa = PBXGroup;
			children = (
				6E84B2AEF5541AB26C5731B0 /* Pods-YFLLiveVideos.debug.xcconfig */,
				37B85A03519EED5CF8246C00 /* Pods-YFLLiveVideos.release.xcconfig */,
			);
			name = Pods;
			sourceTree = "<group>";
		};
		9667E771405D030E119F57D9 /* Frameworks */ = {
			isa = PBXGroup;
			children = (
				3AAB7DB71F04178E002320A7 /* VideoToolbox.framework */,
				3AAB7DB51F041782002320A7 /* UIKit.framework */,
				3AAB7DB31F041778002320A7 /* QuartzCore.framework */,
				3AAB7DB11F04176A002320A7 /* OpenGLES.framework */,
				3AAB7DAF1F04175E002320A7 /* MobileCoreServices.framework */,
				3AAB7DAD1F041752002320A7 /* MediaPlayer.framework */,
				3AAB7DAB1F041746002320A7 /* libz.tbd */,
				3AAB7DA91F041731002320A7 /* libbz2.tbd */,
				3AAB7DA71F04171D002320A7 /* CoreVideo.framework */,
				3AAB7DA51F041712002320A7 /* CoreMedia.framework */,
				3AAB7DA31F041707002320A7 /* CoreGraphics.framework */,
				3AAB7DA11F0416FB002320A7 /* AVFoundation.framework */,
				3AAB7D9F1F0416EF002320A7 /* AudioToolbox.framework */,
				19FF2B310FEA880FF6C2168A /* libPods-YFLLiveVideos.a */,
			);
			name = Frameworks;
			sourceTree = "<group>";
		};
/* End PBXGroup section */

/* Begin PBXNativeTarget section */
		3ADA29C51EF76D1600C5CF89 /* YFLLiveVideos */ = {
			isa = PBXNativeTarget;
			buildConfigurationList = 3ADA29F31EF76D1700C5CF89 /* Build configuration list for PBXNativeTarget "YFLLiveVideos" */;
			buildPhases = (
				9D6ADC3A842BD5E1F8DB12C7 /* [CP] Check Pods Manifest.lock */,
				3ADA29C21EF76D1600C5CF89 /* Sources */,
				3ADA29C31EF76D1600C5CF89 /* Frameworks */,
				3ADA29C41EF76D1600C5CF89 /* Resources */,
				C8EAE5B38E138CF7D345275A /* [CP] Embed Pods Frameworks */,
				EE1CFFECEEBFAC8EB55169A3 /* [CP] Copy Pods Resources */,
			);
			buildRules = (
			);
			dependencies = (
				3AAB7D9D1F0416BE002320A7 /* PBXTargetDependency */,
			);
			name = YFLLiveVideos;
			productName = YFLLiveVideos;
			productReference = 3ADA29C61EF76D1600C5CF89 /* YFLLiveVideos.app */;
			productType = "com.apple.product-type.application";
		};
		3ADA29DE1EF76D1700C5CF89 /* YFLLiveVideosTests */ = {
			isa = PBXNativeTarget;
			buildConfigurationList = 3ADA29F61EF76D1700C5CF89 /* Build configuration list for PBXNativeTarget "YFLLiveVideosTests" */;
			buildPhases = (
				3ADA29DB1EF76D1700C5CF89 /* Sources */,
				3ADA29DC1EF76D1700C5CF89 /* Frameworks */,
				3ADA29DD1EF76D1700C5CF89 /* Resources */,
			);
			buildRules = (
			);
			dependencies = (
				3ADA29E11EF76D1700C5CF89 /* PBXTargetDependency */,
			);
			name = YFLLiveVideosTests;
			productName = YFLLiveVideosTests;
			productReference = 3ADA29DF1EF76D1700C5CF89 /* YFLLiveVideosTests.xctest */;
			productType = "com.apple.product-type.bundle.unit-test";
		};
		3ADA29E91EF76D1700C5CF89 /* YFLLiveVideosUITests */ = {
			isa = PBXNativeTarget;
			buildConfigurationList = 3ADA29F91EF76D1700C5CF89 /* Build configuration list for PBXNativeTarget "YFLLiveVideosUITests" */;
			buildPhases = (
				3ADA29E61EF76D1700C5CF89 /* Sources */,
				3ADA29E71EF76D1700C5CF89 /* Frameworks */,
				3ADA29E81EF76D1700C5CF89 /* Resources */,
			);
			buildRules = (
			);
			dependencies = (
				3ADA29EC1EF76D1700C5CF89 /* PBXTargetDependency */,
			);
			name = YFLLiveVideosUITests;
			productName = YFLLiveVideosUITests;
			productReference = 3ADA29EA1EF76D1700C5CF89 /* YFLLiveVideosUITests.xctest */;
			productType = "com.apple.product-type.bundle.ui-testing";
		};
/* End PBXNativeTarget section */

/* Begin PBXProject section */
		3ADA29BE1EF76D1600C5CF89 /* Project object */ = {
			isa = PBXProject;
			attributes = {
				LastUpgradeCheck = 0800;
				ORGANIZATIONNAME = "杨丰林";
				TargetAttributes = {
					3ADA29C51EF76D1600C5CF89 = {
						CreatedOnToolsVersion = 8.0;
						DevelopmentTeam = KK5694975F;
						ProvisioningStyle = Automatic;
					};
					3ADA29DE1EF76D1700C5CF89 = {
						CreatedOnToolsVersion = 8.0;
						DevelopmentTeam = KK5694975F;
						ProvisioningStyle = Automatic;
						TestTargetID = 3ADA29C51EF76D1600C5CF89;
					};
					3ADA29E91EF76D1700C5CF89 = {
						CreatedOnToolsVersion = 8.0;
						DevelopmentTeam = KK5694975F;
						ProvisioningStyle = Automatic;
						TestTargetID = 3ADA29C51EF76D1600C5CF89;
					};
				};
			};
			buildConfigurationList = 3ADA29C11EF76D1600C5CF89 /* Build configuration list for PBXProject "YFLLiveVideos" */;
			compatibilityVersion = "Xcode 3.2";
			developmentRegion = English;
			hasScannedForEncodings = 0;
			knownRegions = (
				en,
				Base,
			);
			mainGroup = 3ADA29BD1EF76D1600C5CF89;
			productRefGroup = 3ADA29C71EF76D1600C5CF89 /* Products */;
			projectDirPath = "";
			projectReferences = (
				{
					ProductGroup = 3AAB7D911F041685002320A7 /* Products */;
					ProjectRef = 3AAB7D901F041685002320A7 /* IJKMediaPlayer.xcodeproj */;
				},
			);
			projectRoot = "";
			targets = (
				3ADA29C51EF76D1600C5CF89 /* YFLLiveVideos */,
				3ADA29DE1EF76D1700C5CF89 /* YFLLiveVideosTests */,
				3ADA29E91EF76D1700C5CF89 /* YFLLiveVideosUITests */,
			);
		};
/* End PBXProject section */

/* Begin PBXReferenceProxy section */
		3AAB7D971F041685002320A7 /* IJKMediaFramework.framework */ = {
			isa = PBXReferenceProxy;
			fileType = wrapper.framework;
			path = IJKMediaFramework.framework;
			remoteRef = 3AAB7D961F041685002320A7 /* PBXContainerItemProxy */;
			sourceTree = BUILT_PRODUCTS_DIR;
		};
		3AAB7D991F041685002320A7 /* IJKMediaFrameworkWithSSL.framework */ = {
			isa = PBXReferenceProxy;
			fileType = wrapper.framework;
			path = IJKMediaFrameworkWithSSL.framework;
			remoteRef = 3AAB7D981F041685002320A7 /* PBXContainerItemProxy */;
			sourceTree = BUILT_PRODUCTS_DIR;
		};
		3AAB7D9B1F041685002320A7 /* IJKMediaFrameworkTests.xctest */ = {
			isa = PBXReferenceProxy;
			fileType = wrapper.cfbundle;
			path = IJKMediaFrameworkTests.xctest;
			remoteRef = 3AAB7D9A1F041685002320A7 /* PBXContainerItemProxy */;
			sourceTree = BUILT_PRODUCTS_DIR;
		};
/* End PBXReferenceProxy section */

/* Begin PBXResourcesBuildPhase section */
		3ADA29C41EF76D1600C5CF89 /* Resources */ = {
			isa = PBXResourcesBuildPhase;
			buildActionMask = 2147483647;
			files = (
				3ADA29D91EF76D1600C5CF89 /* LaunchScreen.storyboard in Resources */,
				3ADA29D61EF76D1600C5CF89 /* Assets.xcassets in Resources */,
				3ADA29D41EF76D1600C5CF89 /* Main.storyboard in Resources */,
			);
			runOnlyForDeploymentPostprocessing = 0;
		};
		3ADA29DD1EF76D1700C5CF89 /* Resources */ = {
			isa = PBXResourcesBuildPhase;
			buildActionMask = 2147483647;
			files = (
			);
			runOnlyForDeploymentPostprocessing = 0;
		};
		3ADA29E81EF76D1700C5CF89 /* Resources */ = {
			isa = PBXResourcesBuildPhase;
			buildActionMask = 2147483647;
			files = (
			);
			runOnlyForDeploymentPostprocessing = 0;
		};
/* End PBXResourcesBuildPhase section */

/* Begin PBXShellScriptBuildPhase section */
		9D6ADC3A842BD5E1F8DB12C7 /* [CP] Check Pods Manifest.lock */ = {
			isa = PBXShellScriptBuildPhase;
			buildActionMask = 2147483647;
			files = (
			);
			inputPaths = (
			);
			name = "[CP] Check Pods Manifest.lock";
			outputPaths = (
			);
			runOnlyForDeploymentPostprocessing = 0;
			shellPath = /bin/sh;
			shellScript = "diff \"${PODS_PODFILE_DIR_PATH}/Podfile.lock\" \"${PODS_ROOT}/Manifest.lock\" > /dev/null\nif [ $? != 0 ] ; then\n    # print error to STDERR\n    echo \"error: The sandbox is not in sync with the Podfile.lock. Run 'pod install' or update your CocoaPods installation.\" >&2\n    exit 1\nfi\n";
			showEnvVarsInLog = 0;
		};
		C8EAE5B38E138CF7D345275A /* [CP] Embed Pods Frameworks */ = {
			isa = PBXShellScriptBuildPhase;
			buildActionMask = 2147483647;
			files = (
			);
			inputPaths = (
			);
			name = "[CP] Embed Pods Frameworks";
			outputPaths = (
			);
			runOnlyForDeploymentPostprocessing = 0;
			shellPath = /bin/sh;
			shellScript = "\"${SRCROOT}/../Pods/Target Support Files/Pods-YFLLiveVideos/Pods-YFLLiveVideos-frameworks.sh\"\n";
			showEnvVarsInLog = 0;
		};
		EE1CFFECEEBFAC8EB55169A3 /* [CP] Copy Pods Resources */ = {
			isa = PBXShellScriptBuildPhase;
			buildActionMask = 2147483647;
			files = (
			);
			inputPaths = (
			);
			name = "[CP] Copy Pods Resources";
			outputPaths = (
			);
			runOnlyForDeploymentPostprocessing = 0;
			shellPath = /bin/sh;
			shellScript = "\"${SRCROOT}/../Pods/Target Support Files/Pods-YFLLiveVideos/Pods-YFLLiveVideos-resources.sh\"\n";
			showEnvVarsInLog = 0;
		};
/* End PBXShellScriptBuildPhase section */

/* Begin PBXSourcesBuildPhase section */
		3ADA29C21EF76D1600C5CF89 /* Sources */ = {
			isa = PBXSourcesBuildPhase;
			buildActionMask = 2147483647;
			files = (
				3ADA29D11EF76D1600C5CF89 /* ViewController.m in Sources */,
				3ADA29CE1EF76D1600C5CF89 /* AppDelegate.m in Sources */,
				3ADA29CB1EF76D1600C5CF89 /* main.m in Sources */,
			);
			runOnlyForDeploymentPostprocessing = 0;
		};
		3ADA29DB1EF76D1700C5CF89 /* Sources */ = {
			isa = PBXSourcesBuildPhase;
			buildActionMask = 2147483647;
			files = (
				3ADA29E41EF76D1700C5CF89 /* YFLLiveVideosTests.m in Sources */,
			);
			runOnlyForDeploymentPostprocessing = 0;
		};
		3ADA29E61EF76D1700C5CF89 /* Sources */ = {
			isa = PBXSourcesBuildPhase;
			buildActionMask = 2147483647;
			files = (
				3ADA29EF1EF76D1700C5CF89 /* YFLLiveVideosUITests.m in Sources */,
			);
			runOnlyForDeploymentPostprocessing = 0;
		};
/* End PBXSourcesBuildPhase section */

/* Begin PBXTargetDependency section */
		3AAB7D9D1F0416BE002320A7 /* PBXTargetDependency */ = {
			isa = PBXTargetDependency;
			name = IJKMediaFramework;
			targetProxy = 3AAB7D9C1F0416BE002320A7 /* PBXContainerItemProxy */;
		};
		3ADA29E11EF76D1700C5CF89 /* PBXTargetDependency */ = {
			isa = PBXTargetDependency;
			target = 3ADA29C51EF76D1600C5CF89 /* YFLLiveVideos */;
			targetProxy = 3ADA29E01EF76D1700C5CF89 /* PBXContainerItemProxy */;
		};
		3ADA29EC1EF76D1700C5CF89 /* PBXTargetDependency */ = {
			isa = PBXTargetDependency;
			target = 3ADA29C51EF76D1600C5CF89 /* YFLLiveVideos */;
			targetProxy = 3ADA29EB1EF76D1700C5CF89 /* PBXContainerItemProxy */;
		};
/* End PBXTargetDependency section */

/* Begin PBXVariantGroup section */
		3ADA29D21EF76D1600C5CF89 /* Main.storyboard */ = {
			isa = PBXVariantGroup;
			children = (
				3ADA29D31EF76D1600C5CF89 /* Base */,
			);
			name = Main.storyboard;
			sourceTree = "<group>";
		};
		3ADA29D71EF76D1600C5CF89 /* LaunchScreen.storyboard */ = {
			isa = PBXVariantGroup;
			children = (
				3ADA29D81EF76D1600C5CF89 /* Base */,
			);
			name = LaunchScreen.storyboard;
			sourceTree = "<group>";
		};
/* End PBXVariantGroup section */

/* Begin XCBuildConfiguration section */
		3ADA29F11EF76D1700C5CF89 /* Debug */ = {
			isa = XCBuildConfiguration;
			buildSettings = {
				ALWAYS_SEARCH_USER_PATHS = NO;
				CLANG_ANALYZER_NONNULL = YES;
				CLANG_CXX_LANGUAGE_STANDARD = "gnu++0x";
				CLANG_CXX_LIBRARY = "libc++";
				CLANG_ENABLE_MODULES = YES;
				CLANG_ENABLE_OBJC_ARC = YES;
				CLANG_WARN_BOOL_CONVERSION = YES;
				CLANG_WARN_CONSTANT_CONVERSION = YES;
				CLANG_WARN_DIRECT_OBJC_ISA_USAGE = YES_ERROR;
				CLANG_WARN_DOCUMENTATION_COMMENTS = YES;
				CLANG_WARN_EMPTY_BODY = YES;
				CLANG_WARN_ENUM_CONVERSION = YES;
				CLANG_WARN_INFINITE_RECURSION = YES;
				CLANG_WARN_INT_CONVERSION = YES;
				CLANG_WARN_OBJC_ROOT_CLASS = YES_ERROR;
				CLANG_WARN_SUSPICIOUS_MOVES = YES;
				CLANG_WARN_UNREACHABLE_CODE = YES;
				CLANG_WARN__DUPLICATE_METHOD_MATCH = YES;
				"CODE_SIGN_IDENTITY[sdk=iphoneos*]" = "iPhone Developer";
				COPY_PHASE_STRIP = NO;
				DEBUG_INFORMATION_FORMAT = dwarf;
				ENABLE_STRICT_OBJC_MSGSEND = YES;
				ENABLE_TESTABILITY = YES;
				GCC_C_LANGUAGE_STANDARD = gnu99;
				GCC_DYNAMIC_NO_PIC = NO;
				GCC_NO_COMMON_BLOCKS = YES;
				GCC_OPTIMIZATION_LEVEL = 0;
				GCC_PREPROCESSOR_DEFINITIONS = (
					"DEBUG=1",
					"$(inherited)",
				);
				GCC_WARN_64_TO_32_BIT_CONVERSION = YES;
				GCC_WARN_ABOUT_RETURN_TYPE = YES_ERROR;
				GCC_WARN_UNDECLARED_SELECTOR = YES;
				GCC_WARN_UNINITIALIZED_AUTOS = YES_AGGRESSIVE;
				GCC_WARN_UNUSED_FUNCTION = YES;
				GCC_WARN_UNUSED_VARIABLE = YES;
				IPHONEOS_DEPLOYMENT_TARGET = 10.0;
				MTL_ENABLE_DEBUG_INFO = YES;
				ONLY_ACTIVE_ARCH = YES;
				SDKROOT = iphoneos;
				TARGETED_DEVICE_FAMILY = "1,2";
			};
			name = Debug;
		};
		3ADA29F21EF76D1700C5CF89 /* Release */ = {
			isa = XCBuildConfiguration;
			buildSettings = {
				ALWAYS_SEARCH_USER_PATHS = NO;
				CLANG_ANALYZER_NONNULL = YES;
				CLANG_CXX_LANGUAGE_STANDARD = "gnu++0x";
				CLANG_CXX_LIBRARY = "libc++";
				CLANG_ENABLE_MODULES = YES;
				CLANG_ENABLE_OBJC_ARC = YES;
				CLANG_WARN_BOOL_CONVERSION = YES;
				CLANG_WARN_CONSTANT_CONVERSION = YES;
				CLANG_WARN_DIRECT_OBJC_ISA_USAGE = YES_ERROR;
				CLANG_WARN_DOCUMENTATION_COMMENTS = YES;
				CLANG_WARN_EMPTY_BODY = YES;
				CLANG_WARN_ENUM_CONVERSION = YES;
				CLANG_WARN_INFINITE_RECURSION = YES;
				CLANG_WARN_INT_CONVERSION = YES;
				CLANG_WARN_OBJC_ROOT_CLASS = YES_ERROR;
				CLANG_WARN_SUSPICIOUS_MOVES = YES;
				CLANG_WARN_UNREACHABLE_CODE = YES;
				CLANG_WARN__DUPLICATE_METHOD_MATCH = YES;
				"CODE_SIGN_IDENTITY[sdk=iphoneos*]" = "iPhone Developer";
				COPY_PHASE_STRIP = NO;
				DEBUG_INFORMATION_FORMAT = "dwarf-with-dsym";
				ENABLE_NS_ASSERTIONS = NO;
				ENABLE_STRICT_OBJC_MSGSEND = YES;
				GCC_C_LANGUAGE_STANDARD = gnu99;
				GCC_NO_COMMON_BLOCKS = YES;
				GCC_WARN_64_TO_32_BIT_CONVERSION = YES;
				GCC_WARN_ABOUT_RETURN_TYPE = YES_ERROR;
				GCC_WARN_UNDECLARED_SELECTOR = YES;
				GCC_WARN_UNINITIALIZED_AUTOS = YES_AGGRESSIVE;
				GCC_WARN_UNUSED_FUNCTION = YES;
				GCC_WARN_UNUSED_VARIABLE = YES;
				IPHONEOS_DEPLOYMENT_TARGET = 10.0;
				MTL_ENABLE_DEBUG_INFO = NO;
				SDKROOT = iphoneos;
				TARGETED_DEVICE_FAMILY = "1,2";
				VALIDATE_PRODUCT = YES;
			};
			name = Release;
		};
		3ADA29F41EF76D1700C5CF89 /* Debug */ = {
			isa = XCBuildConfiguration;
			baseConfigurationReference = 6E84B2AEF5541AB26C5731B0 /* Pods-YFLLiveVideos.debug.xcconfig */;
			buildSettings = {
				ASSETCATALOG_COMPILER_APPICON_NAME = AppIcon;
				DEVELOPMENT_TEAM = KK5694975F;
				INFOPLIST_FILE = YFLLiveVideos/Info.plist;
				LD_RUNPATH_SEARCH_PATHS = "$(inherited) @executable_path/Frameworks";
				PRODUCT_BUNDLE_IDENTIFIER = YFL.YFLLiveVideos;
				PRODUCT_NAME = "$(TARGET_NAME)";
			};
			name = Debug;
		};
		3ADA29F51EF76D1700C5CF89 /* Release */ = {
			isa = XCBuildConfiguration;
			baseConfigurationReference = 37B85A03519EED5CF8246C00 /* Pods-YFLLiveVideos.release.xcconfig */;
			buildSettings = {
				ASSETCATALOG_COMPILER_APPICON_NAME = AppIcon;
				DEVELOPMENT_TEAM = KK5694975F;
				INFOPLIST_FILE = YFLLiveVideos/Info.plist;
				LD_RUNPATH_SEARCH_PATHS = "$(inherited) @executable_path/Frameworks";
				PRODUCT_BUNDLE_IDENTIFIER = YFL.YFLLiveVideos;
				PRODUCT_NAME = "$(TARGET_NAME)";
			};
			name = Release;
		};
		3ADA29F71EF76D1700C5CF89 /* Debug */ = {
			isa = XCBuildConfiguration;
			buildSettings = {
				BUNDLE_LOADER = "$(TEST_HOST)";
				DEVELOPMENT_TEAM = KK5694975F;
				INFOPLIST_FILE = YFLLiveVideosTests/Info.plist;
				LD_RUNPATH_SEARCH_PATHS = "$(inherited) @executable_path/Frameworks @loader_path/Frameworks";
				PRODUCT_BUNDLE_IDENTIFIER = YFL.YFLLiveVideosTests;
				PRODUCT_NAME = "$(TARGET_NAME)";
				TEST_HOST = "$(BUILT_PRODUCTS_DIR)/YFLLiveVideos.app/YFLLiveVideos";
			};
			name = Debug;
		};
		3ADA29F81EF76D1700C5CF89 /* Release */ = {
			isa = XCBuildConfiguration;
			buildSettings = {
				BUNDLE_LOADER = "$(TEST_HOST)";
				DEVELOPMENT_TEAM = KK5694975F;
				INFOPLIST_FILE = YFLLiveVideosTests/Info.plist;
				LD_RUNPATH_SEARCH_PATHS = "$(inherited) @executable_path/Frameworks @loader_path/Frameworks";
				PRODUCT_BUNDLE_IDENTIFIER = YFL.YFLLiveVideosTests;
				PRODUCT_NAME = "$(TARGET_NAME)";
				TEST_HOST = "$(BUILT_PRODUCTS_DIR)/YFLLiveVideos.app/YFLLiveVideos";
			};
			name = Release;
		};
		3ADA29FA1EF76D1700C5CF89 /* Debug */ = {
			isa = XCBuildConfiguration;
			buildSettings = {
				DEVELOPMENT_TEAM = KK5694975F;
				INFOPLIST_FILE = YFLLiveVideosUITests/Info.plist;
				LD_RUNPATH_SEARCH_PATHS = "$(inherited) @executable_path/Frameworks @loader_path/Frameworks";
				PRODUCT_BUNDLE_IDENTIFIER = YFL.YFLLiveVideosUITests;
				PRODUCT_NAME = "$(TARGET_NAME)";
				TEST_TARGET_NAME = YFLLiveVideos;
			};
			name = Debug;
		};
		3ADA29FB1EF76D1700C5CF89 /* Release */ = {
			isa = XCBuildConfiguration;
			buildSettings = {
				DEVELOPMENT_TEAM = KK5694975F;
				INFOPLIST_FILE = YFLLiveVideosUITests/Info.plist;
				LD_RUNPATH_SEARCH_PATHS = "$(inherited) @executable_path/Frameworks @loader_path/Frameworks";
				PRODUCT_BUNDLE_IDENTIFIER = YFL.YFLLiveVideosUITests;
				PRODUCT_NAME = "$(TARGET_NAME)";
				TEST_TARGET_NAME = YFLLiveVideos;
			};
			name = Release;
		};
/* End XCBuildConfiguration section */

/* Begin XCConfigurationList section */
		3ADA29C11EF76D1600C5CF89 /* Build configuration list for PBXProject "YFLLiveVideos" */ = {
			isa = XCConfigurationList;
			buildConfigurations = (
				3ADA29F11EF76D1700C5CF89 /* Debug */,
				3ADA29F21EF76D1700C5CF89 /* Release */,
			);
			defaultConfigurationIsVisible = 0;
			defaultConfigurationName = Release;
		};
		3ADA29F31EF76D1700C5CF89 /* Build configuration list for PBXNativeTarget "YFLLiveVideos" */ = {
			isa = XCConfigurationList;
			buildConfigurations = (
				3ADA29F41EF76D1700C5CF89 /* Debug */,
				3ADA29F51EF76D1700C5CF89 /* Release */,
			);
			defaultConfigurationIsVisible = 0;
			defaultConfigurationName = Release;
		};
		3ADA29F61EF76D1700C5CF89 /* Build configuration list for PBXNativeTarget "YFLLiveVideosTests" */ = {
			isa = XCConfigurationList;
			buildConfigurations = (
				3ADA29F71EF76D1700C5CF89 /* Debug */,
				3ADA29F81EF76D1700C5CF89 /* Release */,
			);
			defaultConfigurationIsVisible = 0;
			defaultConfigurationName = Release;
		};
		3ADA29F91EF76D1700C5CF89 /* Build configuration list for PBXNativeTarget "YFLLiveVideosUITests" */ = {
			isa = XCConfigurationList;
			buildConfigurations = (
				3ADA29FA1EF76D1700C5CF89 /* Debug */,
				3ADA29FB1EF76D1700C5CF89 /* Release */,
			);
			defaultConfigurationIsVisible = 0;
			defaultConfigurationName = Release;
		};
/* End XCConfigurationList section */
	};
	rootObject = 3ADA29BE1EF76D1600C5CF89 /* Project object */;
}
